
Microsoft Visual Studio Solution File, Format Version 12.00
# Visual Studio Version 17
VisualStudioVersion = 17.9.34728.123
MinimumVisualStudioVersion = 10.0.40219.1
Project("{FAE04EC0-301F-11D3-BF4B-00C04F79EFBC}") = "DL1_Project", "DL1_Project\DL1_Project.csproj", "{1797B07B-416D-436B-981B-C70C8618ECC9}"
EndProject
Global
	GlobalSection(SolutionConfigurationPlatforms) = preSolution
		Debug|Any CPU = Debug|Any CPU
		Release|Any CPU = Release|Any CPU
	EndGlobalSection
	GlobalSection(ProjectConfigurationPlatforms) = postSolution
		{1797B07B-416D-436B-981B-C70C8618ECC9}.Debug|Any CPU.ActiveCfg = Debug|x64
		{1797B07B-416D-436B-981B-C70C8618ECC9}.Debug|Any CPU.Build.0 = Debug|x64
		{1797B07B-416D-436B-981B-C70C8618ECC9}.Release|Any CPU.ActiveCfg = Release|x64
		{1797B07B-416D-436B-981B-C70C8618ECC9}.Release|Any CPU.Build.0 = Release|x64
	EndGlobalSection
	GlobalSection(SolutionProperties) = preSolution
		HideSolutionNode = FALSE
	EndGlobalSection
	GlobalSection(ExtensibilityGlobals) = postSolution
		SolutionGuid = {177596C7-A4CC-4035-A723-558DC03B5647}
	EndGlobalSection
EndGlobal
